// !$*UTF8*$!
{
	archiveVersion = 1;
	classes = {
	};
	objectVersion = 50;
	objects = {

/* Begin PBXBuildFile section */
		52FC2802259056F60010FC8F /* AppDelegate.swift in Sources */ = {isa = PBXBuildFile; fileRef = 52FC2801259056F60010FC8F /* AppDelegate.swift */; };
		52FC2804259056F60010FC8F /* ViewController.swift in Sources */ = {isa = PBXBuildFile; fileRef = 52FC2803259056F60010FC8F /* ViewController.swift */; };
		52FC2809259056F80010FC8F /* Assets.xcassets in Resources */ = {isa = PBXBuildFile; fileRef = 52FC2808259056F80010FC8F /* Assets.xcassets */; };
		52FC280C259056F80010FC8F /* LaunchScreen.storyboard in Resources */ = {isa = PBXBuildFile; fileRef = 52FC280A259056F80010FC8F /* LaunchScreen.storyboard */; };
		52FC2814259066600010FC8F /* MovieCell.swift in Sources */ = {isa = PBXBuildFile; fileRef = 52FC2813259066600010FC8F /* MovieCell.swift */; };
		52FC2816259066B70010FC8F /* UIView+Ext.swift in Sources */ = {isa = PBXBuildFile; fileRef = 52FC2815259066B70010FC8F /* UIView+Ext.swift */; };
		52FC281C259067580010FC8F /* Movie.swift in Sources */ = {isa = PBXBuildFile; fileRef = 52FC281B259067580010FC8F /* Movie.swift */; };
		52FC28202591393A0010FC8F /* movies.json in Resources */ = {isa = PBXBuildFile; fileRef = 52FC281F2591393A0010FC8F /* movies.json */; };
/* End PBXBuildFile section */

/* Begin PBXFileReference section */
		52FC27FE259056F60010FC8F /* Practice_SearchBar.app */ = {isa = PBXFileReference; explicitFileType = wrapper.application; includeInIndex = 0; path = Practice_SearchBar.app; sourceTree = BUILT_PRODUCTS_DIR; };
		52FC2801259056F60010FC8F /* AppDelegate.swift */ = {isa = PBXFileReference; lastKnownFileType = sourcecode.swift; path = AppDelegate.swift; sourceTree = "<group>"; };
		52FC2803259056F60010FC8F /* ViewController.swift */ = {isa = PBXFileReference; lastKnownFileType = sourcecode.swift; path = ViewController.swift; sourceTree = "<group>"; };
		52FC2808259056F80010FC8F /* Assets.xcassets */ = {isa = PBXFileReference; lastKnownFileType = folder.assetcatalog; path = Assets.xcassets; sourceTree = "<group>"; };
		52FC280B259056F80010FC8F /* Base */ = {isa = PBXFileReference; lastKnownFileType = file.storyboard; name = Base; path = Base.lproj/LaunchScreen.storyboard; sourceTree = "<group>"; };
		52FC280D259056F80010FC8F /* Info.plist */ = {isa = PBXFileReference; lastKnownFileType = text.plist.xml; path = Info.plist; sourceTree = "<group>"; };
		52FC2813259066600010FC8F /* MovieCell.swift */ = {isa = PBXFileReference; lastKnownFileType = sourcecode.swift; path = MovieCell.swift; sourceTree = "<group>"; };
		52FC2815259066B70010FC8F /* UIView+Ext.swift */ = {isa = PBXFileReference; lastKnownFileType = sourcecode.swift; path = "UIView+Ext.swift"; sourceTree = "<group>"; };
		52FC281B259067580010FC8F /* Movie.swift */ = {isa = PBXFileReference; lastKnownFileType = sourcecode.swift; path = Movie.swift; sourceTree = "<group>"; };
		52FC281F2591393A0010FC8F /* movies.json */ = {isa = PBXFileReference; lastKnownFileType = text.json; path = movies.json; sourceTree = "<group>"; };
/* End PBXFileReference section */

/* Begin PBXFrameworksBuildPhase section */
		52FC27FB259056F60010FC8F /* Frameworks */ = {
			isa = PBXFrameworksBuildPhase;
			buildActionMask = 2147483647;
			files = (
			);
			runOnlyForDeploymentPostprocessing = 0;
		};
/* End PBXFrameworksBuildPhase section */

/* Begin PBXGroup section */
		52FC27F5259056F60010FC8F = {
			isa = PBXGroup;
			children = (
				52FC2800259056F60010FC8F /* Practice_SearchBar */,
				52FC27FF259056F60010FC8F /* Products */,
			);
			sourceTree = "<group>";
		};
		52FC27FF259056F60010FC8F /* Products */ = {
			isa = PBXGroup;
			children = (
				52FC27FE259056F60010FC8F /* Practice_SearchBar.app */,
			);
			name = Products;
			sourceTree = "<group>";
		};
		52FC2800259056F60010FC8F /* Practice_SearchBar */ = {
			isa = PBXGroup;
			children = (
				52FC2817259066D50010FC8F /* Extensions */,
				52FC281D2590679B0010FC8F /* Model */,
				52FC2819259066F10010FC8F /* ViewControllers */,
				52FC2818259066E90010FC8F /* Cells */,
				52FC281A2590670A0010FC8F /* Support */,
				52FC280D259056F80010FC8F /* Info.plist */,
			);
			path = Practice_SearchBar;
			sourceTree = "<group>";
		};
		52FC2817259066D50010FC8F /* Extensions */ = {
			isa = PBXGroup;
			children = (
				52FC2815259066B70010FC8F /* UIView+Ext.swift */,
			);
			path = Extensions;
			sourceTree = "<group>";
		};
		52FC2818259066E90010FC8F /* Cells */ = {
			isa = PBXGroup;
			children = (
				52FC2813259066600010FC8F /* MovieCell.swift */,
			);
			path = Cells;
			sourceTree = "<group>";
		};
		52FC2819259066F10010FC8F /* ViewControllers */ = {
			isa = PBXGroup;
			children = (
				52FC2803259056F60010FC8F /* ViewController.swift */,
			);
			path = ViewControllers;
			sourceTree = "<group>";
		};
		52FC281A2590670A0010FC8F /* Support */ = {
			isa = PBXGroup;
			children = (
				52FC2801259056F60010FC8F /* AppDelegate.swift */,
				52FC281F2591393A0010FC8F /* movies.json */,
				52FC2808259056F80010FC8F /* Assets.xcassets */,
				52FC280A259056F80010FC8F /* LaunchScreen.storyboard */,
			);
			path = Support;
			sourceTree = "<group>";
		};
		52FC281D2590679B0010FC8F /* Model */ = {
			isa = PBXGroup;
			children = (
				52FC281B259067580010FC8F /* Movie.swift */,
			);
			path = Model;
			sourceTree = "<group>";
		};
/* End PBXGroup section */

/* Begin PBXNativeTarget section */
		52FC27FD259056F60010FC8F /* Practice_SearchBar */ = {
			isa = PBXNativeTarget;
			buildConfigurationList = 52FC2810259056F80010FC8F /* Build configuration list for PBXNativeTarget "Practice_SearchBar" */;
			buildPhases = (
				52FC27FA259056F60010FC8F /* Sources */,
				52FC27FB259056F60010FC8F /* Frameworks */,
				52FC27FC259056F60010FC8F /* Resources */,
			);
			buildRules = (
			);
			dependencies = (
			);
			name = Practice_SearchBar;
			productName = Practice_SearchBar;
			productReference = 52FC27FE259056F60010FC8F /* Practice_SearchBar.app */;
			productType = "com.apple.product-type.application";
		};
/* End PBXNativeTarget section */

/* Begin PBXProject section */
		52FC27F6259056F60010FC8F /* Project object */ = {
			isa = PBXProject;
			attributes = {
				LastSwiftUpdateCheck = 1010;
				LastUpgradeCheck = 1010;
				ORGANIZATIONNAME = "Abraham Shenghur";
				TargetAttributes = {
					52FC27FD259056F60010FC8F = {
						CreatedOnToolsVersion = 10.1;
					};
				};
			};
			buildConfigurationList = 52FC27F9259056F60010FC8F /* Build configuration list for PBXProject "Practice_SearchBar" */;
			compatibilityVersion = "Xcode 9.3";
			developmentRegion = en;
			hasScannedForEncodings = 0;
			knownRegions = (
				en,
				Base,
			);
			mainGroup = 52FC27F5259056F60010FC8F;
			productRefGroup = 52FC27FF259056F60010FC8F /* Products */;
			projectDirPath = "";
			projectRoot = "";
			targets = (
				52FC27FD259056F60010FC8F /* Practice_SearchBar */,
			);
		};
/* End PBXProject section */

/* Begin PBXResourcesBuildPhase section */
		52FC27FC259056F60010FC8F /* Resources */ = {
			isa = PBXResourcesBuildPhase;
			buildActionMask = 2147483647;
			files = (
				52FC28202591393A0010FC8F /* movies.json in Resources */,
				52FC280C259056F80010FC8F /* LaunchScreen.storyboard in Resources */,
				52FC2809259056F80010FC8F /* Assets.xcassets in Resources */,
			);
			runOnlyForDeploymentPostprocessing = 0;
		};
/* End PBXResourcesBuildPhase section */

/* Begin PBXSourcesBuildPhase section */
		52FC27FA259056F60010FC8F /* Sources */ = {
			isa = PBXSourcesBuildPhase;
			buildActionMask = 2147483647;
			files = (
				52FC2816259066B70010FC8F /* UIView+Ext.swift in Sources */,
				52FC2804259056F60010FC8F /* ViewController.swift in Sources */,
				52FC2802259056F60010FC8F /* AppDelegate.swift in Sources */,
				52FC2814259066600010FC8F /* MovieCell.swift in Sources */,
				52FC281C259067580010FC8F /* Movie.swift in Sources */,
			);
			runOnlyForDeploymentPostprocessing = 0;
		};
/* End PBXSourcesBuildPhase section */

/* Begin PBXVariantGroup section */
		52FC280A259056F80010FC8F /* LaunchScreen.storyboard */ = {
			isa = PBXVariantGroup;
			children = (
				52FC280B259056F80010FC8F /* Base */,
			);
			name = LaunchScreen.storyboard;
			sourceTree = "<group>";
		};
/* End PBXVariantGroup section */

/* Begin XCBuildConfiguration section */
		52FC280E259056F80010FC8F /* Debug */ = {
			isa = XCBuildConfiguration;
			buildSettings = {
				ALWAYS_SEARCH_USER_PATHS = NO;
				CLANG_ANALYZER_NONNULL = YES;
				CLANG_ANALYZER_NUMBER_OBJECT_CONVERSION = YES_AGGRESSIVE;
				CLANG_CXX_LANGUAGE_STANDARD = "gnu++14";
				CLANG_CXX_LIBRARY = "libc++";
				CLANG_ENABLE_MODULES = YES;
				CLANG_ENABLE_OBJC_ARC = YES;
				CLANG_ENABLE_OBJC_WEAK = YES;
				CLANG_WARN_BLOCK_CAPTURE_AUTORELEASING = YES;
				CLANG_WARN_BOOL_CONVERSION = YES;
				CLANG_WARN_COMMA = YES;
				CLANG_WARN_CONSTANT_CONVERSION = YES;
				CLANG_WARN_DEPRECATED_OBJC_IMPLEMENTATIONS = YES;
				CLANG_WARN_DIRECT_OBJC_ISA_USAGE = YES_ERROR;
				CLANG_WARN_DOCUMENTATION_COMMENTS = YES;
				CLANG_WARN_EMPTY_BODY = YES;
				CLANG_WARN_ENUM_CONVERSION = YES;
				CLANG_WARN_INFINITE_RECURSION = YES;
				CLANG_WARN_INT_CONVERSION = YES;
				CLANG_WARN_NON_LITERAL_NULL_CONVERSION = YES;
				CLANG_WARN_OBJC_IMPLICIT_RETAIN_SELF = YES;
				CLANG_WARN_OBJC_LITERAL_CONVERSION = YES;
				CLANG_WARN_OBJC_ROOT_CLASS = YES_ERROR;
				CLANG_WARN_RANGE_LOOP_ANALYSIS = YES;
				CLANG_WARN_STRICT_PROTOTYPES = YES;
				CLANG_WARN_SUSPICIOUS_MOVE = YES;
				CLANG_WARN_UNGUARDED_AVAILABILITY = YES_AGGRESSIVE;
				CLANG_WARN_UNREACHABLE_CODE = YES;
				CLANG_WARN__DUPLICATE_METHOD_MATCH = YES;
				CODE_SIGN_IDENTITY = "iPhone Developer";
				COPY_PHASE_STRIP = NO;
				DEBUG_INFORMATION_FORMAT = dwarf;
				ENABLE_STRICT_OBJC_MSGSEND = YES;
				ENABLE_TESTABILITY = YES;
				GCC_C_LANGUAGE_STANDARD = gnu11;
				GCC_DYNAMIC_NO_PIC = NO;
				GCC_NO_COMMON_BLOCKS = YES;
				GCC_OPTIMIZATION_LEVEL = 0;
				GCC_PREPROCESSOR_DEFINITIONS = (
					"DEBUG=1",
					"$(inherited)",
				);
				GCC_WARN_64_TO_32_BIT_CONVERSION = YES;
				GCC_WARN_ABOUT_RETURN_TYPE = YES_ERROR;
				GCC_WARN_UNDECLARED_SELECTOR = YES;
				GCC_WARN_UNINITIALIZED_AUTOS = YES_AGGRESSIVE;
				GCC_WARN_UNUSED_FUNCTION = YES;
				GCC_WARN_UNUSED_VARIABLE = YES;
				IPHONEOS_DEPLOYMENT_TARGET = 12.1;
				MTL_ENABLE_DEBUG_INFO = INCLUDE_SOURCE;
				MTL_FAST_MATH = YES;
				ONLY_ACTIVE_ARCH = YES;
				SDKROOT = iphoneos;
				SWIFT_ACTIVE_COMPILATION_CONDITIONS = DEBUG;
				SWIFT_OPTIMIZATION_LEVEL = "-Onone";
			};
			name = Debug;
		};
		52FC280F259056F80010FC8F /* Release */ = {
			isa = XCBuildConfiguration;
			buildSettings = {
				ALWAYS_SEARCH_USER_PATHS = NO;
				CLANG_ANALYZER_NONNULL = YES;
				CLANG_ANALYZER_NUMBER_OBJECT_CONVERSION = YES_AGGRESSIVE;
				CLANG_CXX_LANGUAGE_STANDARD = "gnu++14";
				CLANG_CXX_LIBRARY = "libc++";
				CLANG_ENABLE_MODULES = YES;
				CLANG_ENABLE_OBJC_ARC = YES;
				CLANG_ENABLE_OBJC_WEAK = YES;
				CLANG_WARN_BLOCK_CAPTURE_AUTORELEASING = YES;
				CLANG_WARN_BOOL_CONVERSION = YES;
				CLANG_WARN_COMMA = YES;
				CLANG_WARN_CONSTANT_CONVERSION = YES;
				CLANG_WARN_DEPRECATED_OBJC_IMPLEMENTATIONS = YES;
				CLANG_WARN_DIRECT_OBJC_ISA_USAGE = YES_ERROR;
				CLANG_WARN_DOCUMENTATION_COMMENTS = YES;
				CLANG_WARN_EMPTY_BODY = YES;
				CLANG_WARN_ENUM_CONVERSION = YES;
				CLANG_WARN_INFINITE_RECURSION = YES;
				CLANG_WARN_INT_CONVERSION = YES;
				CLANG_WARN_NON_LITERAL_NULL_CONVERSION = YES;
				CLANG_WARN_OBJC_IMPLICIT_RETAIN_SELF = YES;
				CLANG_WARN_OBJC_LITERAL_CONVERSION = YES;
				CLANG_WARN_OBJC_ROOT_CLASS = YES_ERROR;
				CLANG_WARN_RANGE_LOOP_ANALYSIS = YES;
				CLANG_WARN_STRICT_PROTOTYPES = YES;
				CLANG_WARN_SUSPICIOUS_MOVE = YES;
				CLANG_WARN_UNGUARDED_AVAILABILITY = YES_AGGRESSIVE;
				CLANG_WARN_UNREACHABLE_CODE = YES;
				CLANG_WARN__DUPLICATE_METHOD_MATCH = YES;
				CODE_SIGN_IDENTITY = "iPhone Developer";
				COPY_PHASE_STRIP = NO;
				DEBUG_INFORMATION_FORMAT = "dwarf-with-dsym";
				ENABLE_NS_ASSERTIONS = NO;
				ENABLE_STRICT_OBJC_MSGSEND = YES;
				GCC_C_LANGUAGE_STANDARD = gnu11;
				GCC_NO_COMMON_BLOCKS = YES;
				GCC_WARN_64_TO_32_BIT_CONVERSION = YES;
				GCC_WARN_ABOUT_RETURN_TYPE = YES_ERROR;
				GCC_WARN_UNDECLARED_SELECTOR = YES;
				GCC_WARN_UNINITIALIZED_AUTOS = YES_AGGRESSIVE;
				GCC_WARN_UNUSED_FUNCTION = YES;
				GCC_WARN_UNUSED_VARIABLE = YES;
				IPHONEOS_DEPLOYMENT_TARGET = 12.1;
				MTL_ENABLE_DEBUG_INFO = NO;
				MTL_FAST_MATH = YES;
				SDKROOT = iphoneos;
				SWIFT_COMPILATION_MODE = wholemodule;
				SWIFT_OPTIMIZATION_LEVEL = "-O";
				VALIDATE_PRODUCT = YES;
			};
			name = Release;
		};
		52FC2811259056F80010FC8F /* Debug */ = {
			isa = XCBuildConfiguration;
			buildSettings = {
				ASSETCATALOG_COMPILER_APPICON_NAME = AppIcon;
				CODE_SIGN_STYLE = Automatic;
				DEVELOPMENT_TEAM = 2KYHXD8LY9;
				INFOPLIST_FILE = Practice_SearchBar/Info.plist;
				LD_RUNPATH_SEARCH_PATHS = (
					"$(inherited)",
					"@executable_path/Frameworks",
				);
				PRODUCT_BUNDLE_IDENTIFIER = "com.asapps.ashenghur.Practice-SearchBar";
				PRODUCT_NAME = "$(TARGET_NAME)";
				SWIFT_VERSION = 4.2;
				TARGETED_DEVICE_FAMILY = "1,2";
			};
			name = Debug;
		};
		52FC2812259056F80010FC8F /* Release */ = {
			isa = XCBuildConfiguration;
			buildSettings = {
				ASSETCATALOG_COMPILER_APPICON_NAME = AppIcon;
				CODE_SIGN_STYLE = Automatic;
				DEVELOPMENT_TEAM = 2KYHXD8LY9;
				INFOPLIST_FILE = Practice_SearchBar/Info.plist;
				LD_RUNPATH_SEARCH_PATHS = (
					"$(inherited)",
					"@executable_path/Frameworks",
				);
				PRODUCT_BUNDLE_IDENTIFIER = "com.asapps.ashenghur.Practice-SearchBar";
				PRODUCT_NAME = "$(TARGET_NAME)";
				SWIFT_VERSION = 4.2;
				TARGETED_DEVICE_FAMILY = "1,2";
			};
			name = Release;
		};
/* End XCBuildConfiguration section */

/* Begin XCConfigurationList section */
		52FC27F9259056F60010FC8F /* Build configuration list for PBXProject "Practice_SearchBar" */ = {
			isa = XCConfigurationList;
			buildConfigurations = (
				52FC280E259056F80010FC8F /* Debug */,
				52FC280F259056F80010FC8F /* Release */,
			);
			defaultConfigurationIsVisible = 0;
			defaultConfigurationName = Release;
		};
		52FC2810259056F80010FC8F /* Build configuration list for PBXNativeTarget "Practice_SearchBar" */ = {
			isa = XCConfigurationList;
			buildConfigurations = (
				52FC2811259056F80010FC8F /* Debug */,
				52FC2812259056F80010FC8F /* Release */,
			);
			defaultConfigurationIsVisible = 0;
			defaultConfigurationName = Release;
		};
/* End XCConfigurationList section */
	};
	rootObject = 52FC27F6259056F60010FC8F /* Project object */;
}
